
Microsoft Visual Studio Solution File, Format Version 12.00
# Visual Studio Version 17
VisualStudioVersion = 17.0.32014.148
MinimumVisualStudioVersion = 10.0.40219.1
Project("{9A19103F-16F7-4668-BE54-9A1E7A4F7556}") = "lab1-02.03", "lab1-02.03\lab1-02.03.csproj", "{C3E6A990-A813-41F3-BF57-5F584CF6872F}"
EndProject
Project("{9A19103F-16F7-4668-BE54-9A1E7A4F7556}") = "lab2-16.03", "lab2-16.03\lab2-16.03.csproj", "{5ECB6534-3999-42C9-B8AA-799F1C46A67A}"
EndProject
Project("{9A19103F-16F7-4668-BE54-9A1E7A4F7556}") = "lab3-23.03", "lab3-23.03\lab3-23.03.csproj", "{B2AA4EED-3F48-4580-8A20-7E62702BF902}"
EndProject
Project("{9A19103F-16F7-4668-BE54-9A1E7A4F7556}") = "lab4-30.03", "lab4-30.03\lab4-30.03.csproj", "{F2520AF0-4DD5-4397-BD1B-5FDD90CF5197}"
EndProject
Project("{9A19103F-16F7-4668-BE54-9A1E7A4F7556}") = "testowanie", "testowanie\testowanie.csproj", "{F0A93BC3-6B45-4E56-B57A-F3C611C5B1F0}"
EndProject
Project("{9A19103F-16F7-4668-BE54-9A1E7A4F7556}") = "lab5-05.04", "lab5-05.04\lab5-05.04.csproj", "{B4CEAC80-48D4-4804-8765-EAB02912DFCA}"
EndProject
Project("{9A19103F-16F7-4668-BE54-9A1E7A4F7556}") = "lab6 - 13.04", "lab6 - 13.04\lab6 - 13.04.csproj", "{402A026D-F7AE-4C1A-BCA4-3C576DADC241}"
EndProject
Project("{9A19103F-16F7-4668-BE54-9A1E7A4F7556}") = "lab7 - 20.04", "lab7 - 20.04\lab7 - 20.04.csproj", "{E85D0EB5-EA5E-44D0-B81D-A998D292089E}"
EndProject
Project("{9A19103F-16F7-4668-BE54-9A1E7A4F7556}") = "lab8 - 27.04", "lab8 - 27.04\lab8 - 27.04.csproj", "{3E228585-FB78-4469-99D5-185D46B9D6EA}"
EndProject
Project("{9A19103F-16F7-4668-BE54-9A1E7A4F7556}") = "lab9 - 04.05", "lab9 - 04.05\lab9 - 04.05.csproj", "{9A7B81D6-9EB0-4BBA-BEC6-6775B1CF6C4F}"
EndProject
Project("{9A19103F-16F7-4668-BE54-9A1E7A4F7556}") = "Sprawdzian", "Sprawdzian\Sprawdzian.csproj", "{1A6F58FA-E97E-437F-B01B-D898F1C968EF}"
EndProject
Project("{9A19103F-16F7-4668-BE54-9A1E7A4F7556}") = "App-1 lab10 - 18.05", "App-1 lab10 - 18.05\App-1 lab10 - 18.05.csproj", "{657B5F29-CDF3-450D-A1B8-6C4C27B840AE}"
EndProject
Project("{FAE04EC0-301F-11D3-BF4B-00C04F79EFBC}") = "Projekt koncowy", "Projekt koncowy\Projekt koncowy.csproj", "{06C7B52C-6A89-4ECD-8FBB-60BAAFC59EA2}"
EndProject
Global
	GlobalSection(SolutionConfigurationPlatforms) = preSolution
		Debug|Any CPU = Debug|Any CPU
		Release|Any CPU = Release|Any CPU
	EndGlobalSection
	GlobalSection(ProjectConfigurationPlatforms) = postSolution
		{C3E6A990-A813-41F3-BF57-5F584CF6872F}.Debug|Any CPU.ActiveCfg = Debug|Any CPU
		{C3E6A990-A813-41F3-BF57-5F584CF6872F}.Debug|Any CPU.Build.0 = Debug|Any CPU
		{C3E6A990-A813-41F3-BF57-5F584CF6872F}.Release|Any CPU.ActiveCfg = Release|Any CPU
		{C3E6A990-A813-41F3-BF57-5F584CF6872F}.Release|Any CPU.Build.0 = Release|Any CPU
		{5ECB6534-3999-42C9-B8AA-799F1C46A67A}.Debug|Any CPU.ActiveCfg = Debug|Any CPU
		{5ECB6534-3999-42C9-B8AA-799F1C46A67A}.Debug|Any CPU.Build.0 = Debug|Any CPU
		{5ECB6534-3999-42C9-B8AA-799F1C46A67A}.Release|Any CPU.ActiveCfg = Release|Any CPU
		{5ECB6534-3999-42C9-B8AA-799F1C46A67A}.Release|Any CPU.Build.0 = Release|Any CPU
		{B2AA4EED-3F48-4580-8A20-7E62702BF902}.Debug|Any CPU.ActiveCfg = Debug|Any CPU
		{B2AA4EED-3F48-4580-8A20-7E62702BF902}.Debug|Any CPU.Build.0 = Debug|Any CPU
		{B2AA4EED-3F48-4580-8A20-7E62702BF902}.Release|Any CPU.ActiveCfg = Release|Any CPU
		{B2AA4EED-3F48-4580-8A20-7E62702BF902}.Release|Any CPU.Build.0 = Release|Any CPU
		{F2520AF0-4DD5-4397-BD1B-5FDD90CF5197}.Debug|Any CPU.ActiveCfg = Debug|Any CPU
		{F2520AF0-4DD5-4397-BD1B-5FDD90CF5197}.Debug|Any CPU.Build.0 = Debug|Any CPU
		{F2520AF0-4DD5-4397-BD1B-5FDD90CF5197}.Release|Any CPU.ActiveCfg = Release|Any CPU
		{F2520AF0-4DD5-4397-BD1B-5FDD90CF5197}.Release|Any CPU.Build.0 = Release|Any CPU
		{F0A93BC3-6B45-4E56-B57A-F3C611C5B1F0}.Debug|Any CPU.ActiveCfg = Debug|Any CPU
		{F0A93BC3-6B45-4E56-B57A-F3C611C5B1F0}.Debug|Any CPU.Build.0 = Debug|Any CPU
		{F0A93BC3-6B45-4E56-B57A-F3C611C5B1F0}.Release|Any CPU.ActiveCfg = Release|Any CPU
		{F0A93BC3-6B45-4E56-B57A-F3C611C5B1F0}.Release|Any CPU.Build.0 = Release|Any CPU
		{B4CEAC80-48D4-4804-8765-EAB02912DFCA}.Debug|Any CPU.ActiveCfg = Debug|Any CPU
		{B4CEAC80-48D4-4804-8765-EAB02912DFCA}.Debug|Any CPU.Build.0 = Debug|Any CPU
		{B4CEAC80-48D4-4804-8765-EAB02912DFCA}.Release|Any CPU.ActiveCfg = Release|Any CPU
		{B4CEAC80-48D4-4804-8765-EAB02912DFCA}.Release|Any CPU.Build.0 = Release|Any CPU
		{402A026D-F7AE-4C1A-BCA4-3C576DADC241}.Debug|Any CPU.ActiveCfg = Debug|Any CPU
		{402A026D-F7AE-4C1A-BCA4-3C576DADC241}.Debug|Any CPU.Build.0 = Debug|Any CPU
		{402A026D-F7AE-4C1A-BCA4-3C576DADC241}.Release|Any CPU.ActiveCfg = Release|Any CPU
		{402A026D-F7AE-4C1A-BCA4-3C576DADC241}.Release|Any CPU.Build.0 = Release|Any CPU
		{E85D0EB5-EA5E-44D0-B81D-A998D292089E}.Debug|Any CPU.ActiveCfg = Debug|Any CPU
		{E85D0EB5-EA5E-44D0-B81D-A998D292089E}.Debug|Any CPU.Build.0 = Debug|Any CPU
		{E85D0EB5-EA5E-44D0-B81D-A998D292089E}.Release|Any CPU.ActiveCfg = Release|Any CPU
		{E85D0EB5-EA5E-44D0-B81D-A998D292089E}.Release|Any CPU.Build.0 = Release|Any CPU
		{3E228585-FB78-4469-99D5-185D46B9D6EA}.Debug|Any CPU.ActiveCfg = Debug|Any CPU
		{3E228585-FB78-4469-99D5-185D46B9D6EA}.Debug|Any CPU.Build.0 = Debug|Any CPU
		{3E228585-FB78-4469-99D5-185D46B9D6EA}.Release|Any CPU.ActiveCfg = Release|Any CPU
		{3E228585-FB78-4469-99D5-185D46B9D6EA}.Release|Any CPU.Build.0 = Release|Any CPU
		{9A7B81D6-9EB0-4BBA-BEC6-6775B1CF6C4F}.Debug|Any CPU.ActiveCfg = Debug|Any CPU
		{9A7B81D6-9EB0-4BBA-BEC6-6775B1CF6C4F}.Debug|Any CPU.Build.0 = Debug|Any CPU
		{9A7B81D6-9EB0-4BBA-BEC6-6775B1CF6C4F}.Release|Any CPU.ActiveCfg = Release|Any CPU
		{9A7B81D6-9EB0-4BBA-BEC6-6775B1CF6C4F}.Release|Any CPU.Build.0 = Release|Any CPU
		{1A6F58FA-E97E-437F-B01B-D898F1C968EF}.Debug|Any CPU.ActiveCfg = Debug|Any CPU
		{1A6F58FA-E97E-437F-B01B-D898F1C968EF}.Debug|Any CPU.Build.0 = Debug|Any CPU
		{1A6F58FA-E97E-437F-B01B-D898F1C968EF}.Release|Any CPU.ActiveCfg = Release|Any CPU
		{1A6F58FA-E97E-437F-B01B-D898F1C968EF}.Release|Any CPU.Build.0 = Release|Any CPU
		{657B5F29-CDF3-450D-A1B8-6C4C27B840AE}.Debug|Any CPU.ActiveCfg = Debug|Any CPU
		{657B5F29-CDF3-450D-A1B8-6C4C27B840AE}.Debug|Any CPU.Build.0 = Debug|Any CPU
		{657B5F29-CDF3-450D-A1B8-6C4C27B840AE}.Release|Any CPU.ActiveCfg = Release|Any CPU
		{657B5F29-CDF3-450D-A1B8-6C4C27B840AE}.Release|Any CPU.Build.0 = Release|Any CPU
		{06C7B52C-6A89-4ECD-8FBB-60BAAFC59EA2}.Debug|Any CPU.ActiveCfg = Debug|Any CPU
		{06C7B52C-6A89-4ECD-8FBB-60BAAFC59EA2}.Debug|Any CPU.Build.0 = Debug|Any CPU
		{06C7B52C-6A89-4ECD-8FBB-60BAAFC59EA2}.Release|Any CPU.ActiveCfg = Release|Any CPU
		{06C7B52C-6A89-4ECD-8FBB-60BAAFC59EA2}.Release|Any CPU.Build.0 = Release|Any CPU
	EndGlobalSection
	GlobalSection(SolutionProperties) = preSolution
		HideSolutionNode = FALSE
	EndGlobalSection
	GlobalSection(ExtensibilityGlobals) = postSolution
		SolutionGuid = {AFBC0806-38AD-41E6-937C-EE47E49744FA}
	EndGlobalSection
EndGlobal
